// !$*UTF8*$!
{
	archiveVersion = 1;
	classes = {
	};
	objectVersion = 56;
	objects = {

/* Begin PBXBuildFile section */
		BFC4890F2A33C92200E6B0FC /* AppDelegate.swift in Sources */ = {isa = PBXBuildFile; fileRef = BFC4890E2A33C92200E6B0FC /* AppDelegate.swift */; };
		BFC489112A33C92200E6B0FC /* SceneDelegate.swift in Sources */ = {isa = PBXBuildFile; fileRef = BFC489102A33C92200E6B0FC /* SceneDelegate.swift */; };
		BFC489132A33C92200E6B0FC /* ViewController.swift in Sources */ = {isa = PBXBuildFile; fileRef = BFC489122A33C92200E6B0FC /* ViewController.swift */; };
		BFC489162A33C92200E6B0FC /* Main.storyboard in Resources */ = {isa = PBXBuildFile; fileRef = BFC489142A33C92200E6B0FC /* Main.storyboard */; };
		BFC489182A33C92300E6B0FC /* Assets.xcassets in Resources */ = {isa = PBXBuildFile; fileRef = BFC489172A33C92300E6B0FC /* Assets.xcassets */; };
		BFC4891B2A33C92300E6B0FC /* LaunchScreen.storyboard in Resources */ = {isa = PBXBuildFile; fileRef = BFC489192A33C92300E6B0FC /* LaunchScreen.storyboard */; };
		BFC489262A33C92300E6B0FC /* TodoListTests.swift in Sources */ = {isa = PBXBuildFile; fileRef = BFC489252A33C92300E6B0FC /* TodoListTests.swift */; };
		BFC489302A33C92300E6B0FC /* TodoListUITests.swift in Sources */ = {isa = PBXBuildFile; fileRef = BFC4892F2A33C92300E6B0FC /* TodoListUITests.swift */; };
		BFC489322A33C92300E6B0FC /* TodoListUITestsLaunchTests.swift in Sources */ = {isa = PBXBuildFile; fileRef = BFC489312A33C92300E6B0FC /* TodoListUITestsLaunchTests.swift */; };
		BFC4893F2A33C9BE00E6B0FC /* TodoItem.swift in Sources */ = {isa = PBXBuildFile; fileRef = BFC4893E2A33C9BE00E6B0FC /* TodoItem.swift */; };
		BFC489402A33C9BE00E6B0FC /* TodoItem.swift in Sources */ = {isa = PBXBuildFile; fileRef = BFC4893E2A33C9BE00E6B0FC /* TodoItem.swift */; };
		BFC489552A38A3EE00E6B0FC /* FileCache.swift in Sources */ = {isa = PBXBuildFile; fileRef = BFC489542A38A3EE00E6B0FC /* FileCache.swift */; };
		BFC489562A38A3EE00E6B0FC /* FileCache.swift in Sources */ = {isa = PBXBuildFile; fileRef = BFC489542A38A3EE00E6B0FC /* FileCache.swift */; };
/* End PBXBuildFile section */

/* Begin PBXContainerItemProxy section */
		BFC489222A33C92300E6B0FC /* PBXContainerItemProxy */ = {
			isa = PBXContainerItemProxy;
			containerPortal = BFC489032A33C92200E6B0FC /* Project object */;
			proxyType = 1;
			remoteGlobalIDString = BFC4890A2A33C92200E6B0FC;
			remoteInfo = ToDoList;
		};
		BFC4892C2A33C92300E6B0FC /* PBXContainerItemProxy */ = {
			isa = PBXContainerItemProxy;
			containerPortal = BFC489032A33C92200E6B0FC /* Project object */;
			proxyType = 1;
			remoteGlobalIDString = BFC4890A2A33C92200E6B0FC;
			remoteInfo = ToDoList;
		};
/* End PBXContainerItemProxy section */

/* Begin PBXFileReference section */
		BFC4890B2A33C92200E6B0FC /* TodoList.app */ = {isa = PBXFileReference; explicitFileType = wrapper.application; includeInIndex = 0; path = TodoList.app; sourceTree = BUILT_PRODUCTS_DIR; };
		BFC4890E2A33C92200E6B0FC /* AppDelegate.swift */ = {isa = PBXFileReference; lastKnownFileType = sourcecode.swift; path = AppDelegate.swift; sourceTree = "<group>"; };
		BFC489102A33C92200E6B0FC /* SceneDelegate.swift */ = {isa = PBXFileReference; lastKnownFileType = sourcecode.swift; path = SceneDelegate.swift; sourceTree = "<group>"; };
		BFC489122A33C92200E6B0FC /* ViewController.swift */ = {isa = PBXFileReference; lastKnownFileType = sourcecode.swift; path = ViewController.swift; sourceTree = "<group>"; };
		BFC489152A33C92200E6B0FC /* Base */ = {isa = PBXFileReference; lastKnownFileType = file.storyboard; name = Base; path = Base.lproj/Main.storyboard; sourceTree = "<group>"; };
		BFC489172A33C92300E6B0FC /* Assets.xcassets */ = {isa = PBXFileReference; lastKnownFileType = folder.assetcatalog; path = Assets.xcassets; sourceTree = "<group>"; };
		BFC4891A2A33C92300E6B0FC /* Base */ = {isa = PBXFileReference; lastKnownFileType = file.storyboard; name = Base; path = Base.lproj/LaunchScreen.storyboard; sourceTree = "<group>"; };
		BFC4891C2A33C92300E6B0FC /* Info.plist */ = {isa = PBXFileReference; lastKnownFileType = text.plist.xml; path = Info.plist; sourceTree = "<group>"; };
		BFC489212A33C92300E6B0FC /* TodoListTests.xctest */ = {isa = PBXFileReference; explicitFileType = wrapper.cfbundle; includeInIndex = 0; path = TodoListTests.xctest; sourceTree = BUILT_PRODUCTS_DIR; };
		BFC489252A33C92300E6B0FC /* TodoListTests.swift */ = {isa = PBXFileReference; lastKnownFileType = sourcecode.swift; path = TodoListTests.swift; sourceTree = "<group>"; };
		BFC4892B2A33C92300E6B0FC /* TodoListUITests.xctest */ = {isa = PBXFileReference; explicitFileType = wrapper.cfbundle; includeInIndex = 0; path = TodoListUITests.xctest; sourceTree = BUILT_PRODUCTS_DIR; };
		BFC4892F2A33C92300E6B0FC /* TodoListUITests.swift */ = {isa = PBXFileReference; lastKnownFileType = sourcecode.swift; path = TodoListUITests.swift; sourceTree = "<group>"; };
		BFC489312A33C92300E6B0FC /* TodoListUITestsLaunchTests.swift */ = {isa = PBXFileReference; lastKnownFileType = sourcecode.swift; path = TodoListUITestsLaunchTests.swift; sourceTree = "<group>"; };
		BFC4893E2A33C9BE00E6B0FC /* TodoItem.swift */ = {isa = PBXFileReference; lastKnownFileType = sourcecode.swift; path = TodoItem.swift; sourceTree = "<group>"; };
		BFC489542A38A3EE00E6B0FC /* FileCache.swift */ = {isa = PBXFileReference; lastKnownFileType = sourcecode.swift; path = FileCache.swift; sourceTree = "<group>"; };
/* End PBXFileReference section */

/* Begin PBXFrameworksBuildPhase section */
		BFC489082A33C92200E6B0FC /* Frameworks */ = {
			isa = PBXFrameworksBuildPhase;
			buildActionMask = 2147483647;
			files = (
			);
			runOnlyForDeploymentPostprocessing = 0;
		};
		BFC4891E2A33C92300E6B0FC /* Frameworks */ = {
			isa = PBXFrameworksBuildPhase;
			buildActionMask = 2147483647;
			files = (
			);
			runOnlyForDeploymentPostprocessing = 0;
		};
		BFC489282A33C92300E6B0FC /* Frameworks */ = {
			isa = PBXFrameworksBuildPhase;
			buildActionMask = 2147483647;
			files = (
			);
			runOnlyForDeploymentPostprocessing = 0;
		};
/* End PBXFrameworksBuildPhase section */

/* Begin PBXGroup section */
		BFC489022A33C92200E6B0FC = {
			isa = PBXGroup;
			children = (
				BFC4890D2A33C92200E6B0FC /* TodoList */,
				BFC489242A33C92300E6B0FC /* TodoListTests */,
				BFC4892E2A33C92300E6B0FC /* TodoListUITests */,
				BFC4890C2A33C92200E6B0FC /* Products */,
			);
			sourceTree = "<group>";
		};
		BFC4890C2A33C92200E6B0FC /* Products */ = {
			isa = PBXGroup;
			children = (
				BFC4890B2A33C92200E6B0FC /* TodoList.app */,
				BFC489212A33C92300E6B0FC /* TodoListTests.xctest */,
				BFC4892B2A33C92300E6B0FC /* TodoListUITests.xctest */,
			);
			name = Products;
			sourceTree = "<group>";
		};
		BFC4890D2A33C92200E6B0FC /* TodoList */ = {
			isa = PBXGroup;
			children = (
				BFC4890E2A33C92200E6B0FC /* AppDelegate.swift */,
				BFC489102A33C92200E6B0FC /* SceneDelegate.swift */,
				BFC489122A33C92200E6B0FC /* ViewController.swift */,
				BFC4893E2A33C9BE00E6B0FC /* TodoItem.swift */,
				BFC489542A38A3EE00E6B0FC /* FileCache.swift */,
				BFC489142A33C92200E6B0FC /* Main.storyboard */,
				BFC489172A33C92300E6B0FC /* Assets.xcassets */,
				BFC489192A33C92300E6B0FC /* LaunchScreen.storyboard */,
				BFC4891C2A33C92300E6B0FC /* Info.plist */,
			);
			path = TodoList;
			sourceTree = "<group>";
		};
		BFC489242A33C92300E6B0FC /* TodoListTests */ = {
			isa = PBXGroup;
			children = (
				BFC489252A33C92300E6B0FC /* TodoListTests.swift */,
			);
			path = TodoListTests;
			sourceTree = "<group>";
		};
		BFC4892E2A33C92300E6B0FC /* TodoListUITests */ = {
			isa = PBXGroup;
			children = (
				BFC4892F2A33C92300E6B0FC /* TodoListUITests.swift */,
				BFC489312A33C92300E6B0FC /* TodoListUITestsLaunchTests.swift */,
			);
			path = TodoListUITests;
			sourceTree = "<group>";
		};
/* End PBXGroup section */

/* Begin PBXNativeTarget section */
		BFC4890A2A33C92200E6B0FC /* TodoList */ = {
			isa = PBXNativeTarget;
			buildConfigurationList = BFC489352A33C92300E6B0FC /* Build configuration list for PBXNativeTarget "TodoList" */;
			buildPhases = (
				BFC489072A33C92200E6B0FC /* Sources */,
				BFC489082A33C92200E6B0FC /* Frameworks */,
				BFC489092A33C92200E6B0FC /* Resources */,
			);
			buildRules = (
			);
			dependencies = (
			);
			name = TodoList;
			productName = ToDoList;
			productReference = BFC4890B2A33C92200E6B0FC /* TodoList.app */;
			productType = "com.apple.product-type.application";
		};
		BFC489202A33C92300E6B0FC /* TodoListTests */ = {
			isa = PBXNativeTarget;
			buildConfigurationList = BFC489382A33C92300E6B0FC /* Build configuration list for PBXNativeTarget "TodoListTests" */;
			buildPhases = (
				BFC4891D2A33C92300E6B0FC /* Sources */,
				BFC4891E2A33C92300E6B0FC /* Frameworks */,
				BFC4891F2A33C92300E6B0FC /* Resources */,
			);
			buildRules = (
			);
			dependencies = (
				BFC489232A33C92300E6B0FC /* PBXTargetDependency */,
			);
			name = TodoListTests;
			productName = ToDoListTests;
			productReference = BFC489212A33C92300E6B0FC /* TodoListTests.xctest */;
			productType = "com.apple.product-type.bundle.unit-test";
		};
		BFC4892A2A33C92300E6B0FC /* TodoListUITests */ = {
			isa = PBXNativeTarget;
			buildConfigurationList = BFC4893B2A33C92300E6B0FC /* Build configuration list for PBXNativeTarget "TodoListUITests" */;
			buildPhases = (
				BFC489272A33C92300E6B0FC /* Sources */,
				BFC489282A33C92300E6B0FC /* Frameworks */,
				BFC489292A33C92300E6B0FC /* Resources */,
			);
			buildRules = (
			);
			dependencies = (
				BFC4892D2A33C92300E6B0FC /* PBXTargetDependency */,
			);
			name = TodoListUITests;
			productName = ToDoListUITests;
			productReference = BFC4892B2A33C92300E6B0FC /* TodoListUITests.xctest */;
			productType = "com.apple.product-type.bundle.ui-testing";
		};
/* End PBXNativeTarget section */

/* Begin PBXProject section */
		BFC489032A33C92200E6B0FC /* Project object */ = {
			isa = PBXProject;
			attributes = {
				BuildIndependentTargetsInParallel = 1;
				LastSwiftUpdateCheck = 1430;
				LastUpgradeCheck = 1430;
				TargetAttributes = {
					BFC4890A2A33C92200E6B0FC = {
						CreatedOnToolsVersion = 14.3.1;
					};
					BFC489202A33C92300E6B0FC = {
						CreatedOnToolsVersion = 14.3.1;
						TestTargetID = BFC4890A2A33C92200E6B0FC;
					};
					BFC4892A2A33C92300E6B0FC = {
						CreatedOnToolsVersion = 14.3.1;
						TestTargetID = BFC4890A2A33C92200E6B0FC;
					};
				};
			};
			buildConfigurationList = BFC489062A33C92200E6B0FC /* Build configuration list for PBXProject "TodoList" */;
			compatibilityVersion = "Xcode 14.0";
			developmentRegion = en;
			hasScannedForEncodings = 0;
			knownRegions = (
				en,
				Base,
			);
			mainGroup = BFC489022A33C92200E6B0FC;
			productRefGroup = BFC4890C2A33C92200E6B0FC /* Products */;
			projectDirPath = "";
			projectRoot = "";
			targets = (
				BFC4890A2A33C92200E6B0FC /* TodoList */,
				BFC489202A33C92300E6B0FC /* TodoListTests */,
				BFC4892A2A33C92300E6B0FC /* TodoListUITests */,
			);
		};
/* End PBXProject section */

/* Begin PBXResourcesBuildPhase section */
		BFC489092A33C92200E6B0FC /* Resources */ = {
			isa = PBXResourcesBuildPhase;
			buildActionMask = 2147483647;
			files = (
				BFC4891B2A33C92300E6B0FC /* LaunchScreen.storyboard in Resources */,
				BFC489182A33C92300E6B0FC /* Assets.xcassets in Resources */,
				BFC489162A33C92200E6B0FC /* Main.storyboard in Resources */,
			);
			runOnlyForDeploymentPostprocessing = 0;
		};
		BFC4891F2A33C92300E6B0FC /* Resources */ = {
			isa = PBXResourcesBuildPhase;
			buildActionMask = 2147483647;
			files = (
			);
			runOnlyForDeploymentPostprocessing = 0;
		};
		BFC489292A33C92300E6B0FC /* Resources */ = {
			isa = PBXResourcesBuildPhase;
			buildActionMask = 2147483647;
			files = (
			);
			runOnlyForDeploymentPostprocessing = 0;
		};
/* End PBXResourcesBuildPhase section */

/* Begin PBXSourcesBuildPhase section */
		BFC489072A33C92200E6B0FC /* Sources */ = {
			isa = PBXSourcesBuildPhase;
			buildActionMask = 2147483647;
			files = (
				BFC489132A33C92200E6B0FC /* ViewController.swift in Sources */,
				BFC4890F2A33C92200E6B0FC /* AppDelegate.swift in Sources */,
				BFC4893F2A33C9BE00E6B0FC /* TodoItem.swift in Sources */,
				BFC489552A38A3EE00E6B0FC /* FileCache.swift in Sources */,
				BFC489112A33C92200E6B0FC /* SceneDelegate.swift in Sources */,
			);
			runOnlyForDeploymentPostprocessing = 0;
		};
		BFC4891D2A33C92300E6B0FC /* Sources */ = {
			isa = PBXSourcesBuildPhase;
			buildActionMask = 2147483647;
			files = (
				BFC489402A33C9BE00E6B0FC /* TodoItem.swift in Sources */,
				BFC489562A38A3EE00E6B0FC /* FileCache.swift in Sources */,
				BFC489262A33C92300E6B0FC /* TodoListTests.swift in Sources */,
			);
			runOnlyForDeploymentPostprocessing = 0;
		};
		BFC489272A33C92300E6B0FC /* Sources */ = {
			isa = PBXSourcesBuildPhase;
			buildActionMask = 2147483647;
			files = (
				BFC489322A33C92300E6B0FC /* TodoListUITestsLaunchTests.swift in Sources */,
				BFC489302A33C92300E6B0FC /* TodoListUITests.swift in Sources */,
			);
			runOnlyForDeploymentPostprocessing = 0;
		};
/* End PBXSourcesBuildPhase section */

/* Begin PBXTargetDependency section */
		BFC489232A33C92300E6B0FC /* PBXTargetDependency */ = {
			isa = PBXTargetDependency;
			target = BFC4890A2A33C92200E6B0FC /* TodoList */;
			targetProxy = BFC489222A33C92300E6B0FC /* PBXContainerItemProxy */;
		};
		BFC4892D2A33C92300E6B0FC /* PBXTargetDependency */ = {
			isa = PBXTargetDependency;
			target = BFC4890A2A33C92200E6B0FC /* TodoList */;
			targetProxy = BFC4892C2A33C92300E6B0FC /* PBXContainerItemProxy */;
		};
/* End PBXTargetDependency section */

/* Begin PBXVariantGroup section */
		BFC489142A33C92200E6B0FC /* Main.storyboard */ = {
			isa = PBXVariantGroup;
			children = (
				BFC489152A33C92200E6B0FC /* Base */,
			);
			name = Main.storyboard;
			sourceTree = "<group>";
		};
		BFC489192A33C92300E6B0FC /* LaunchScreen.storyboard */ = {
			isa = PBXVariantGroup;
			children = (
				BFC4891A2A33C92300E6B0FC /* Base */,
			);
			name = LaunchScreen.storyboard;
			sourceTree = "<group>";
		};
/* End PBXVariantGroup section */

/* Begin XCBuildConfiguration section */
		BFC489332A33C92300E6B0FC /* Debug */ = {
			isa = XCBuildConfiguration;
			buildSettings = {
				ALWAYS_SEARCH_USER_PATHS = NO;
				CLANG_ANALYZER_NONNULL = YES;
				CLANG_ANALYZER_NUMBER_OBJECT_CONVERSION = YES_AGGRESSIVE;
				CLANG_CXX_LANGUAGE_STANDARD = "gnu++20";
				CLANG_ENABLE_MODULES = YES;
				CLANG_ENABLE_OBJC_ARC = YES;
				CLANG_ENABLE_OBJC_WEAK = YES;
				CLANG_WARN_BLOCK_CAPTURE_AUTORELEASING = YES;
				CLANG_WARN_BOOL_CONVERSION = YES;
				CLANG_WARN_COMMA = YES;
				CLANG_WARN_CONSTANT_CONVERSION = YES;
				CLANG_WARN_DEPRECATED_OBJC_IMPLEMENTATIONS = YES;
				CLANG_WARN_DIRECT_OBJC_ISA_USAGE = YES_ERROR;
				CLANG_WARN_DOCUMENTATION_COMMENTS = YES;
				CLANG_WARN_EMPTY_BODY = YES;
				CLANG_WARN_ENUM_CONVERSION = YES;
				CLANG_WARN_INFINITE_RECURSION = YES;
				CLANG_WARN_INT_CONVERSION = YES;
				CLANG_WARN_NON_LITERAL_NULL_CONVERSION = YES;
				CLANG_WARN_OBJC_IMPLICIT_RETAIN_SELF = YES;
				CLANG_WARN_OBJC_LITERAL_CONVERSION = YES;
				CLANG_WARN_OBJC_ROOT_CLASS = YES_ERROR;
				CLANG_WARN_QUOTED_INCLUDE_IN_FRAMEWORK_HEADER = YES;
				CLANG_WARN_RANGE_LOOP_ANALYSIS = YES;
				CLANG_WARN_STRICT_PROTOTYPES = YES;
				CLANG_WARN_SUSPICIOUS_MOVE = YES;
				CLANG_WARN_UNGUARDED_AVAILABILITY = YES_AGGRESSIVE;
				CLANG_WARN_UNREACHABLE_CODE = YES;
				CLANG_WARN__DUPLICATE_METHOD_MATCH = YES;
				COPY_PHASE_STRIP = NO;
				DEBUG_INFORMATION_FORMAT = dwarf;
				ENABLE_STRICT_OBJC_MSGSEND = YES;
				ENABLE_TESTABILITY = YES;
				GCC_C_LANGUAGE_STANDARD = gnu11;
				GCC_DYNAMIC_NO_PIC = NO;
				GCC_NO_COMMON_BLOCKS = YES;
				GCC_OPTIMIZATION_LEVEL = 0;
				GCC_PREPROCESSOR_DEFINITIONS = (
					"DEBUG=1",
					"$(inherited)",
				);
				GCC_WARN_64_TO_32_BIT_CONVERSION = YES;
				GCC_WARN_ABOUT_RETURN_TYPE = YES_ERROR;
				GCC_WARN_UNDECLARED_SELECTOR = YES;
				GCC_WARN_UNINITIALIZED_AUTOS = YES_AGGRESSIVE;
				GCC_WARN_UNUSED_FUNCTION = YES;
				GCC_WARN_UNUSED_VARIABLE = YES;
				IPHONEOS_DEPLOYMENT_TARGET = 16.4;
				MTL_ENABLE_DEBUG_INFO = INCLUDE_SOURCE;
				MTL_FAST_MATH = YES;
				ONLY_ACTIVE_ARCH = YES;
				SDKROOT = iphoneos;
				SWIFT_ACTIVE_COMPILATION_CONDITIONS = DEBUG;
				SWIFT_OPTIMIZATION_LEVEL = "-Onone";
			};
			name = Debug;
		};
		BFC489342A33C92300E6B0FC /* Release */ = {
			isa = XCBuildConfiguration;
			buildSettings = {
				ALWAYS_SEARCH_USER_PATHS = NO;
				CLANG_ANALYZER_NONNULL = YES;
				CLANG_ANALYZER_NUMBER_OBJECT_CONVERSION = YES_AGGRESSIVE;
				CLANG_CXX_LANGUAGE_STANDARD = "gnu++20";
				CLANG_ENABLE_MODULES = YES;
				CLANG_ENABLE_OBJC_ARC = YES;
				CLANG_ENABLE_OBJC_WEAK = YES;
				CLANG_WARN_BLOCK_CAPTURE_AUTORELEASING = YES;
				CLANG_WARN_BOOL_CONVERSION = YES;
				CLANG_WARN_COMMA = YES;
				CLANG_WARN_CONSTANT_CONVERSION = YES;
				CLANG_WARN_DEPRECATED_OBJC_IMPLEMENTATIONS = YES;
				CLANG_WARN_DIRECT_OBJC_ISA_USAGE = YES_ERROR;
				CLANG_WARN_DOCUMENTATION_COMMENTS = YES;
				CLANG_WARN_EMPTY_BODY = YES;
				CLANG_WARN_ENUM_CONVERSION = YES;
				CLANG_WARN_INFINITE_RECURSION = YES;
				CLANG_WARN_INT_CONVERSION = YES;
				CLANG_WARN_NON_LITERAL_NULL_CONVERSION = YES;
				CLANG_WARN_OBJC_IMPLICIT_RETAIN_SELF = YES;
				CLANG_WARN_OBJC_LITERAL_CONVERSION = YES;
				CLANG_WARN_OBJC_ROOT_CLASS = YES_ERROR;
				CLANG_WARN_QUOTED_INCLUDE_IN_FRAMEWORK_HEADER = YES;
				CLANG_WARN_RANGE_LOOP_ANALYSIS = YES;
				CLANG_WARN_STRICT_PROTOTYPES = YES;
				CLANG_WARN_SUSPICIOUS_MOVE = YES;
				CLANG_WARN_UNGUARDED_AVAILABILITY = YES_AGGRESSIVE;
				CLANG_WARN_UNREACHABLE_CODE = YES;
				CLANG_WARN__DUPLICATE_METHOD_MATCH = YES;
				COPY_PHASE_STRIP = NO;
				DEBUG_INFORMATION_FORMAT = "dwarf-with-dsym";
				ENABLE_NS_ASSERTIONS = NO;
				ENABLE_STRICT_OBJC_MSGSEND = YES;
				GCC_C_LANGUAGE_STANDARD = gnu11;
				GCC_NO_COMMON_BLOCKS = YES;
				GCC_WARN_64_TO_32_BIT_CONVERSION = YES;
				GCC_WARN_ABOUT_RETURN_TYPE = YES_ERROR;
				GCC_WARN_UNDECLARED_SELECTOR = YES;
				GCC_WARN_UNINITIALIZED_AUTOS = YES_AGGRESSIVE;
				GCC_WARN_UNUSED_FUNCTION = YES;
				GCC_WARN_UNUSED_VARIABLE = YES;
				IPHONEOS_DEPLOYMENT_TARGET = 16.4;
				MTL_ENABLE_DEBUG_INFO = NO;
				MTL_FAST_MATH = YES;
				SDKROOT = iphoneos;
				SWIFT_COMPILATION_MODE = wholemodule;
				SWIFT_OPTIMIZATION_LEVEL = "-O";
				VALIDATE_PRODUCT = YES;
			};
			name = Release;
		};
		BFC489362A33C92300E6B0FC /* Debug */ = {
			isa = XCBuildConfiguration;
			buildSettings = {
				ASSETCATALOG_COMPILER_APPICON_NAME = AppIcon;
				ASSETCATALOG_COMPILER_GLOBAL_ACCENT_COLOR_NAME = AccentColor;
				CODE_SIGN_STYLE = Automatic;
				CURRENT_PROJECT_VERSION = 1;
				DEVELOPMENT_TEAM = S7S26ARTN6;
				GENERATE_INFOPLIST_FILE = YES;
				INFOPLIST_FILE = ToDoList/Info.plist;
				INFOPLIST_KEY_UIApplicationSupportsIndirectInputEvents = YES;
				INFOPLIST_KEY_UILaunchStoryboardName = LaunchScreen;
				INFOPLIST_KEY_UIMainStoryboardFile = Main;
				INFOPLIST_KEY_UISupportedInterfaceOrientations_iPad = "UIInterfaceOrientationPortrait UIInterfaceOrientationPortraitUpsideDown UIInterfaceOrientationLandscapeLeft UIInterfaceOrientationLandscapeRight";
				INFOPLIST_KEY_UISupportedInterfaceOrientations_iPhone = "UIInterfaceOrientationPortrait UIInterfaceOrientationLandscapeLeft UIInterfaceOrientationLandscapeRight";
				LD_RUNPATH_SEARCH_PATHS = (
					"$(inherited)",
					"@executable_path/Frameworks",
				);
				MARKETING_VERSION = 1.0;
				PRODUCT_BUNDLE_IDENTIFIER = com.aishanurgaliyeva.ToDoList;
				PRODUCT_NAME = "$(TARGET_NAME)";
				SWIFT_EMIT_LOC_STRINGS = YES;
				SWIFT_VERSION = 5.0;
				TARGETED_DEVICE_FAMILY = "1,2";
			};
			name = Debug;
		};
		BFC489372A33C92300E6B0FC /* Release */ = {
			isa = XCBuildConfiguration;
			buildSettings = {
				ASSETCATALOG_COMPILER_APPICON_NAME = AppIcon;
				ASSETCATALOG_COMPILER_GLOBAL_ACCENT_COLOR_NAME = AccentColor;
				CODE_SIGN_STYLE = Automatic;
				CURRENT_PROJECT_VERSION = 1;
				DEVELOPMENT_TEAM = S7S26ARTN6;
				GENERATE_INFOPLIST_FILE = YES;
				INFOPLIST_FILE = ToDoList/Info.plist;
				INFOPLIST_KEY_UIApplicationSupportsIndirectInputEvents = YES;
				INFOPLIST_KEY_UILaunchStoryboardName = LaunchScreen;
				INFOPLIST_KEY_UIMainStoryboardFile = Main;
				INFOPLIST_KEY_UISupportedInterfaceOrientations_iPad = "UIInterfaceOrientationPortrait UIInterfaceOrientationPortraitUpsideDown UIInterfaceOrientationLandscapeLeft UIInterfaceOrientationLandscapeRight";
				INFOPLIST_KEY_UISupportedInterfaceOrientations_iPhone = "UIInterfaceOrientationPortrait UIInterfaceOrientationLandscapeLeft UIInterfaceOrientationLandscapeRight";
				LD_RUNPATH_SEARCH_PATHS = (
					"$(inherited)",
					"@executable_path/Frameworks",
				);
				MARKETING_VERSION = 1.0;
				PRODUCT_BUNDLE_IDENTIFIER = com.aishanurgaliyeva.ToDoList;
				PRODUCT_NAME = "$(TARGET_NAME)";
				SWIFT_EMIT_LOC_STRINGS = YES;
				SWIFT_VERSION = 5.0;
				TARGETED_DEVICE_FAMILY = "1,2";
			};
			name = Release;
		};
		BFC489392A33C92300E6B0FC /* Debug */ = {
			isa = XCBuildConfiguration;
			buildSettings = {
				ALWAYS_EMBED_SWIFT_STANDARD_LIBRARIES = YES;
				BUNDLE_LOADER = "$(TEST_HOST)";
				CODE_SIGN_STYLE = Automatic;
				CURRENT_PROJECT_VERSION = 1;
				DEVELOPMENT_TEAM = S7S26ARTN6;
				GENERATE_INFOPLIST_FILE = YES;
				IPHONEOS_DEPLOYMENT_TARGET = 16.4;
				MARKETING_VERSION = 1.0;
				PRODUCT_BUNDLE_IDENTIFIER = com.aishanurgaliyeva.ToDoListTests;
				PRODUCT_NAME = "$(TARGET_NAME)";
				SWIFT_EMIT_LOC_STRINGS = NO;
				SWIFT_VERSION = 5.0;
				TARGETED_DEVICE_FAMILY = "1,2";
				TEST_HOST = "$(BUILT_PRODUCTS_DIR)/TodoList.app/$(BUNDLE_EXECUTABLE_FOLDER_PATH)/TodoList";
			};
			name = Debug;
		};
		BFC4893A2A33C92300E6B0FC /* Release */ = {
			isa = XCBuildConfiguration;
			buildSettings = {
				ALWAYS_EMBED_SWIFT_STANDARD_LIBRARIES = YES;
				BUNDLE_LOADER = "$(TEST_HOST)";
				CODE_SIGN_STYLE = Automatic;
				CURRENT_PROJECT_VERSION = 1;
				DEVELOPMENT_TEAM = S7S26ARTN6;
				GENERATE_INFOPLIST_FILE = YES;
				IPHONEOS_DEPLOYMENT_TARGET = 16.4;
				MARKETING_VERSION = 1.0;
				PRODUCT_BUNDLE_IDENTIFIER = com.aishanurgaliyeva.ToDoListTests;
				PRODUCT_NAME = "$(TARGET_NAME)";
				SWIFT_EMIT_LOC_STRINGS = NO;
				SWIFT_VERSION = 5.0;
				TARGETED_DEVICE_FAMILY = "1,2";
				TEST_HOST = "$(BUILT_PRODUCTS_DIR)/TodoList.app/$(BUNDLE_EXECUTABLE_FOLDER_PATH)/TodoList";
			};
			name = Release;
		};
		BFC4893C2A33C92300E6B0FC /* Debug */ = {
			isa = XCBuildConfiguration;
			buildSettings = {
				ALWAYS_EMBED_SWIFT_STANDARD_LIBRARIES = YES;
				CODE_SIGN_STYLE = Automatic;
				CURRENT_PROJECT_VERSION = 1;
				DEVELOPMENT_TEAM = S7S26ARTN6;
				GENERATE_INFOPLIST_FILE = YES;
				MARKETING_VERSION = 1.0;
				PRODUCT_BUNDLE_IDENTIFIER = com.aishanurgaliyeva.ToDoListUITests;
				PRODUCT_NAME = "$(TARGET_NAME)";
				SWIFT_EMIT_LOC_STRINGS = NO;
				SWIFT_VERSION = 5.0;
				TARGETED_DEVICE_FAMILY = "1,2";
				TEST_TARGET_NAME = ToDoList;
			};
			name = Debug;
		};
		BFC4893D2A33C92300E6B0FC /* Release */ = {
			isa = XCBuildConfiguration;
			buildSettings = {
				ALWAYS_EMBED_SWIFT_STANDARD_LIBRARIES = YES;
				CODE_SIGN_STYLE = Automatic;
				CURRENT_PROJECT_VERSION = 1;
				DEVELOPMENT_TEAM = S7S26ARTN6;
				GENERATE_INFOPLIST_FILE = YES;
				MARKETING_VERSION = 1.0;
				PRODUCT_BUNDLE_IDENTIFIER = com.aishanurgaliyeva.ToDoListUITests;
				PRODUCT_NAME = "$(TARGET_NAME)";
				SWIFT_EMIT_LOC_STRINGS = NO;
				SWIFT_VERSION = 5.0;
				TARGETED_DEVICE_FAMILY = "1,2";
				TEST_TARGET_NAME = ToDoList;
			};
			name = Release;
		};
/* End XCBuildConfiguration section */

/* Begin XCConfigurationList section */
		BFC489062A33C92200E6B0FC /* Build configuration list for PBXProject "TodoList" */ = {
			isa = XCConfigurationList;
			buildConfigurations = (
				BFC489332A33C92300E6B0FC /* Debug */,
				BFC489342A33C92300E6B0FC /* Release */,
			);
			defaultConfigurationIsVisible = 0;
			defaultConfigurationName = Release;
		};
		BFC489352A33C92300E6B0FC /* Build configuration list for PBXNativeTarget "TodoList" */ = {
			isa = XCConfigurationList;
			buildConfigurations = (
				BFC489362A33C92300E6B0FC /* Debug */,
				BFC489372A33C92300E6B0FC /* Release */,
			);
			defaultConfigurationIsVisible = 0;
			defaultConfigurationName = Release;
		};
		BFC489382A33C92300E6B0FC /* Build configuration list for PBXNativeTarget "TodoListTests" */ = {
			isa = XCConfigurationList;
			buildConfigurations = (
				BFC489392A33C92300E6B0FC /* Debug */,
				BFC4893A2A33C92300E6B0FC /* Release */,
			);
			defaultConfigurationIsVisible = 0;
			defaultConfigurationName = Release;
		};
		BFC4893B2A33C92300E6B0FC /* Build configuration list for PBXNativeTarget "TodoListUITests" */ = {
			isa = XCConfigurationList;
			buildConfigurations = (
				BFC4893C2A33C92300E6B0FC /* Debug */,
				BFC4893D2A33C92300E6B0FC /* Release */,
			);
			defaultConfigurationIsVisible = 0;
			defaultConfigurationName = Release;
		};
/* End XCConfigurationList section */
	};
	rootObject = BFC489032A33C92200E6B0FC /* Project object */;
}
